Microsoft Visual Studio Solution File, Format Version 12.00
# Visual Studio Version 17
VisualStudioVersion = 17.0.31903.59
MinimumVisualStudioVersion = 10.0.40219.1
Project("{2150E333-8FDC-42A3-9474-1A3956D46DE8}") = "src", "src", "{827E0CD3-B72D-47B6-A68D-7590B98EB39B}"
EndProject
Project("{2150E333-8FDC-42A3-9474-1A3956D46DE8}") = "API", "API", "{81034408-37C8-1011-444E-4C15C2FADA8E}"
EndProject
Project("{FAE04EC0-301F-11D3-BF4B-00C04F79EFBC}") = "ARC.API", "src\API\ARC.API\ARC.API.csproj", "{C0A7B346-81ED-421B-9455-21439666D47B}"
EndProject
Project("{2150E333-8FDC-42A3-9474-1A3956D46DE8}") = "Core", "Core", "{8D626EA8-CB54-BC41-363A-217881BEBA6E}"
EndProject
Project("{FAE04EC0-301F-11D3-BF4B-00C04F79EFBC}") = "ARC.Application", "src\Core\ARC.Application\ARC.Application.csproj", "{E6E3D2B6-3D8C-46C0-9B78-0E06F48E83A5}"
EndProject
Project("{FAE04EC0-301F-11D3-BF4B-00C04F79EFBC}") = "ARC.Domain", "src\Core\ARC.Domain\ARC.Domain.csproj", "{A9023856-FEB0-43E4-B957-78099AAD8C2D}"
EndProject
Project("{2150E333-8FDC-42A3-9474-1A3956D46DE8}") = "Infrastructure", "Infrastructure", "{9048EB7F-3875-A59E-E36B-5BD4C6F2A282}"
EndProject
Project("{FAE04EC0-301F-11D3-BF4B-00C04F79EFBC}") = "ARC.Infrastructure", "src\Infrastructure\ARC.Infrastructure\ARC.Infrastructure.csproj", "{BF8350E8-B746-409A-88A1-E9A90F4A17F1}"
EndProject
Project("{FAE04EC0-301F-11D3-BF4B-00C04F79EFBC}") = "ARC.Persistence", "src\Infrastructure\ARC.Persistence\ARC.Persistence.csproj", "{DEB28285-7F9A-4E07-B0EB-55DD24EC6EB5}"
EndProject
Project("{2150E333-8FDC-42A3-9474-1A3956D46DE8}") = "tests", "tests", "{02EA681E-C7D8-13C7-8484-4AC65E1B71E8}"
EndProject
Project("{FAE04EC0-301F-11D3-BF4B-00C04F79EFBC}") = "ARC.Tests.Common", "tests\ARC.Tests.Common\ARC.Tests.Common.csproj", "{747B48AE-AD63-CB8C-E0D9-5E4C6D8FA979}"
EndProject
Project("{E53339B2-1760-4266-BCC7-CA923CBCF16C}") = "docker-compose", "docker-compose.dcproj", "{81DDED9D-158B-E303-5F62-77A2896D2A5A}"
EndProject
Project("{FAE04EC0-301F-11D3-BF4B-00C04F79EFBC}") = "ARC.IntegrationTests", "tests\ARC.IntegrationTests\ARC.IntegrationTests.csproj", "{F2947916-F485-7185-905D-F1D8CCD2E156}"
EndProject
Project("{FAE04EC0-301F-11D3-BF4B-00C04F79EFBC}") = "ARC.UnitTests", "tests\ARC.UnitTests\ARC.UnitTests.csproj", "{3570AD34-35BB-80FD-6611-35B7CD5DD5F5}"
EndProject
Project("{FAE04EC0-301F-11D3-BF4B-00C04F79EFBC}") = "ARC.Shared", "ARC.Shared\ARC.Shared.csproj", "{5C0A80E6-66BB-4771-A66E-87D278B9F95E}"
EndProject
Global
	GlobalSection(SolutionConfigurationPlatforms) = preSolution
		Debug|Any CPU = Debug|Any CPU
		Debug|x64 = Debug|x64
		Debug|x86 = Debug|x86
		Release|Any CPU = Release|Any CPU
		Release|x64 = Release|x64
		Release|x86 = Release|x86
	EndGlobalSection
	GlobalSection(ProjectConfigurationPlatforms) = postSolution
		{C0A7B346-81ED-421B-9455-21439666D47B}.Debug|Any CPU.ActiveCfg = Debug|Any CPU
		{C0A7B346-81ED-421B-9455-21439666D47B}.Debug|Any CPU.Build.0 = Debug|Any CPU
		{C0A7B346-81ED-421B-9455-21439666D47B}.Debug|x64.ActiveCfg = Debug|Any CPU
		{C0A7B346-81ED-421B-9455-21439666D47B}.Debug|x64.Build.0 = Debug|Any CPU
		{C0A7B346-81ED-421B-9455-21439666D47B}.Debug|x86.ActiveCfg = Debug|Any CPU
		{C0A7B346-81ED-421B-9455-21439666D47B}.Debug|x86.Build.0 = Debug|Any CPU
		{C0A7B346-81ED-421B-9455-21439666D47B}.Release|Any CPU.ActiveCfg = Release|Any CPU
		{C0A7B346-81ED-421B-9455-21439666D47B}.Release|Any CPU.Build.0 = Release|Any CPU
		{C0A7B346-81ED-421B-9455-21439666D47B}.Release|x64.ActiveCfg = Release|Any CPU
		{C0A7B346-81ED-421B-9455-21439666D47B}.Release|x64.Build.0 = Release|Any CPU
		{C0A7B346-81ED-421B-9455-21439666D47B}.Release|x86.ActiveCfg = Release|Any CPU
		{C0A7B346-81ED-421B-9455-21439666D47B}.Release|x86.Build.0 = Release|Any CPU
		{E6E3D2B6-3D8C-46C0-9B78-0E06F48E83A5}.Debug|Any CPU.ActiveCfg = Debug|Any CPU
		{E6E3D2B6-3D8C-46C0-9B78-0E06F48E83A5}.Debug|Any CPU.Build.0 = Debug|Any CPU
		{E6E3D2B6-3D8C-46C0-9B78-0E06F48E83A5}.Debug|x64.ActiveCfg = Debug|Any CPU
		{E6E3D2B6-3D8C-46C0-9B78-0E06F48E83A5}.Debug|x64.Build.0 = Debug|Any CPU
		{E6E3D2B6-3D8C-46C0-9B78-0E06F48E83A5}.Debug|x86.ActiveCfg = Debug|Any CPU
		{E6E3D2B6-3D8C-46C0-9B78-0E06F48E83A5}.Debug|x86.Build.0 = Debug|Any CPU
		{E6E3D2B6-3D8C-46C0-9B78-0E06F48E83A5}.Release|Any CPU.ActiveCfg = Release|Any CPU
		{E6E3D2B6-3D8C-46C0-9B78-0E06F48E83A5}.Release|Any CPU.Build.0 = Release|Any CPU
		{E6E3D2B6-3D8C-46C0-9B78-0E06F48E83A5}.Release|x64.ActiveCfg = Release|Any CPU
		{E6E3D2B6-3D8C-46C0-9B78-0E06F48E83A5}.Release|x64.Build.0 = Release|Any CPU
		{E6E3D2B6-3D8C-46C0-9B78-0E06F48E83A5}.Release|x86.ActiveCfg = Release|Any CPU
		{E6E3D2B6-3D8C-46C0-9B78-0E06F48E83A5}.Release|x86.Build.0 = Release|Any CPU
		{A9023856-FEB0-43E4-B957-78099AAD8C2D}.Debug|Any CPU.ActiveCfg = Debug|Any CPU
		{A9023856-FEB0-43E4-B957-78099AAD8C2D}.Debug|Any CPU.Build.0 = Debug|Any CPU
		{A9023856-FEB0-43E4-B957-78099AAD8C2D}.Debug|x64.ActiveCfg = Debug|Any CPU
		{A9023856-FEB0-43E4-B957-78099AAD8C2D}.Debug|x64.Build.0 = Debug|Any CPU
		{A9023856-FEB0-43E4-B957-78099AAD8C2D}.Debug|x86.ActiveCfg = Debug|Any CPU
		{A9023856-FEB0-43E4-B957-78099AAD8C2D}.Debug|x86.Build.0 = Debug|Any CPU
		{A9023856-FEB0-43E4-B957-78099AAD8C2D}.Release|Any CPU.ActiveCfg = Release|Any CPU
		{A9023856-FEB0-43E4-B957-78099AAD8C2D}.Release|Any CPU.Build.0 = Release|Any CPU
		{A9023856-FEB0-43E4-B957-78099AAD8C2D}.Release|x64.ActiveCfg = Release|Any CPU
		{A9023856-FEB0-43E4-B957-78099AAD8C2D}.Release|x64.Build.0 = Release|Any CPU
		{A9023856-FEB0-43E4-B957-78099AAD8C2D}.Release|x86.ActiveCfg = Release|Any CPU
		{A9023856-FEB0-43E4-B957-78099AAD8C2D}.Release|x86.Build.0 = Release|Any CPU
		{BF8350E8-B746-409A-88A1-E9A90F4A17F1}.Debug|Any CPU.ActiveCfg = Debug|Any CPU
		{BF8350E8-B746-409A-88A1-E9A90F4A17F1}.Debug|Any CPU.Build.0 = Debug|Any CPU
		{BF8350E8-B746-409A-88A1-E9A90F4A17F1}.Debug|x64.ActiveCfg = Debug|Any CPU
		{BF8350E8-B746-409A-88A1-E9A90F4A17F1}.Debug|x64.Build.0 = Debug|Any CPU
		{BF8350E8-B746-409A-88A1-E9A90F4A17F1}.Debug|x86.ActiveCfg = Debug|Any CPU
		{BF8350E8-B746-409A-88A1-E9A90F4A17F1}.Debug|x86.Build.0 = Debug|Any CPU
		{BF8350E8-B746-409A-88A1-E9A90F4A17F1}.Release|Any CPU.ActiveCfg = Release|Any CPU
		{BF8350E8-B746-409A-88A1-E9A90F4A17F1}.Release|Any CPU.Build.0 = Release|Any CPU
		{BF8350E8-B746-409A-88A1-E9A90F4A17F1}.Release|x64.ActiveCfg = Release|Any CPU
		{BF8350E8-B746-409A-88A1-E9A90F4A17F1}.Release|x64.Build.0 = Release|Any CPU
		{BF8350E8-B746-409A-88A1-E9A90F4A17F1}.Release|x86.ActiveCfg = Release|Any CPU
		{BF8350E8-B746-409A-88A1-E9A90F4A17F1}.Release|x86.Build.0 = Release|Any CPU
		{DEB28285-7F9A-4E07-B0EB-55DD24EC6EB5}.Debug|Any CPU.ActiveCfg = Debug|Any CPU
		{DEB28285-7F9A-4E07-B0EB-55DD24EC6EB5}.Debug|Any CPU.Build.0 = Debug|Any CPU
		{DEB28285-7F9A-4E07-B0EB-55DD24EC6EB5}.Debug|x64.ActiveCfg = Debug|Any CPU
		{DEB28285-7F9A-4E07-B0EB-55DD24EC6EB5}.Debug|x64.Build.0 = Debug|Any CPU
		{DEB28285-7F9A-4E07-B0EB-55DD24EC6EB5}.Debug|x86.ActiveCfg = Debug|Any CPU
		{DEB28285-7F9A-4E07-B0EB-55DD24EC6EB5}.Debug|x86.Build.0 = Debug|Any CPU
		{DEB28285-7F9A-4E07-B0EB-55DD24EC6EB5}.Release|Any CPU.ActiveCfg = Release|Any CPU
		{DEB28285-7F9A-4E07-B0EB-55DD24EC6EB5}.Release|Any CPU.Build.0 = Release|Any CPU
		{DEB28285-7F9A-4E07-B0EB-55DD24EC6EB5}.Release|x64.ActiveCfg = Release|Any CPU
		{DEB28285-7F9A-4E07-B0EB-55DD24EC6EB5}.Release|x64.Build.0 = Release|Any CPU
		{DEB28285-7F9A-4E07-B0EB-55DD24EC6EB5}.Release|x86.ActiveCfg = Release|Any CPU
		{DEB28285-7F9A-4E07-B0EB-55DD24EC6EB5}.Release|x86.Build.0 = Release|Any CPU
		{747B48AE-AD63-CB8C-E0D9-5E4C6D8FA979}.Debug|Any CPU.ActiveCfg = Debug|Any CPU
		{747B48AE-AD63-CB8C-E0D9-5E4C6D8FA979}.Debug|Any CPU.Build.0 = Debug|Any CPU
		{747B48AE-AD63-CB8C-E0D9-5E4C6D8FA979}.Debug|x64.ActiveCfg = Debug|Any CPU
		{747B48AE-AD63-CB8C-E0D9-5E4C6D8FA979}.Debug|x64.Build.0 = Debug|Any CPU
		{747B48AE-AD63-CB8C-E0D9-5E4C6D8FA979}.Debug|x86.ActiveCfg = Debug|Any CPU
		{747B48AE-AD63-CB8C-E0D9-5E4C6D8FA979}.Debug|x86.Build.0 = Debug|Any CPU
		{747B48AE-AD63-CB8C-E0D9-5E4C6D8FA979}.Release|Any CPU.ActiveCfg = Release|Any CPU
		{747B48AE-AD63-CB8C-E0D9-5E4C6D8FA979}.Release|Any CPU.Build.0 = Release|Any CPU
		{747B48AE-AD63-CB8C-E0D9-5E4C6D8FA979}.Release|x64.ActiveCfg = Release|Any CPU
		{747B48AE-AD63-CB8C-E0D9-5E4C6D8FA979}.Release|x64.Build.0 = Release|Any CPU
		{747B48AE-AD63-CB8C-E0D9-5E4C6D8FA979}.Release|x86.ActiveCfg = Release|Any CPU
		{747B48AE-AD63-CB8C-E0D9-5E4C6D8FA979}.Release|x86.Build.0 = Release|Any CPU
		{81DDED9D-158B-E303-5F62-77A2896D2A5A}.Debug|Any CPU.ActiveCfg = Debug|Any CPU
		{81DDED9D-158B-E303-5F62-77A2896D2A5A}.Debug|Any CPU.Build.0 = Debug|Any CPU
		{81DDED9D-158B-E303-5F62-77A2896D2A5A}.Debug|x64.ActiveCfg = Debug|Any CPU
		{81DDED9D-158B-E303-5F62-77A2896D2A5A}.Debug|x64.Build.0 = Debug|Any CPU
		{81DDED9D-158B-E303-5F62-77A2896D2A5A}.Debug|x86.ActiveCfg = Debug|Any CPU
		{81DDED9D-158B-E303-5F62-77A2896D2A5A}.Debug|x86.Build.0 = Debug|Any CPU
		{81DDED9D-158B-E303-5F62-77A2896D2A5A}.Release|Any CPU.ActiveCfg = Release|Any CPU
		{81DDED9D-158B-E303-5F62-77A2896D2A5A}.Release|Any CPU.Build.0 = Release|Any CPU
		{81DDED9D-158B-E303-5F62-77A2896D2A5A}.Release|x64.ActiveCfg = Release|Any CPU
		{81DDED9D-158B-E303-5F62-77A2896D2A5A}.Release|x64.Build.0 = Release|Any CPU
		{81DDED9D-158B-E303-5F62-77A2896D2A5A}.Release|x86.ActiveCfg = Release|Any CPU
		{81DDED9D-158B-E303-5F62-77A2896D2A5A}.Release|x86.Build.0 = Release|Any CPU
		{F2947916-F485-7185-905D-F1D8CCD2E156}.Debug|Any CPU.ActiveCfg = Debug|Any CPU
		{F2947916-F485-7185-905D-F1D8CCD2E156}.Debug|Any CPU.Build.0 = Debug|Any CPU
		{F2947916-F485-7185-905D-F1D8CCD2E156}.Debug|x64.ActiveCfg = Debug|Any CPU
		{F2947916-F485-7185-905D-F1D8CCD2E156}.Debug|x64.Build.0 = Debug|Any CPU
		{F2947916-F485-7185-905D-F1D8CCD2E156}.Debug|x86.ActiveCfg = Debug|Any CPU
		{F2947916-F485-7185-905D-F1D8CCD2E156}.Debug|x86.Build.0 = Debug|Any CPU
		{F2947916-F485-7185-905D-F1D8CCD2E156}.Release|Any CPU.ActiveCfg = Release|Any CPU
		{F2947916-F485-7185-905D-F1D8CCD2E156}.Release|Any CPU.Build.0 = Release|Any CPU
		{F2947916-F485-7185-905D-F1D8CCD2E156}.Release|x64.ActiveCfg = Release|Any CPU
		{F2947916-F485-7185-905D-F1D8CCD2E156}.Release|x64.Build.0 = Release|Any CPU
		{F2947916-F485-7185-905D-F1D8CCD2E156}.Release|x86.ActiveCfg = Release|Any CPU
		{F2947916-F485-7185-905D-F1D8CCD2E156}.Release|x86.Build.0 = Release|Any CPU
		{3570AD34-35BB-80FD-6611-35B7CD5DD5F5}.Debug|Any CPU.ActiveCfg = Debug|Any CPU
		{3570AD34-35BB-80FD-6611-35B7CD5DD5F5}.Debug|Any CPU.Build.0 = Debug|Any CPU
		{3570AD34-35BB-80FD-6611-35B7CD5DD5F5}.Debug|x64.ActiveCfg = Debug|Any CPU
		{3570AD34-35BB-80FD-6611-35B7CD5DD5F5}.Debug|x64.Build.0 = Debug|Any CPU
		{3570AD34-35BB-80FD-6611-35B7CD5DD5F5}.Debug|x86.ActiveCfg = Debug|Any CPU
		{3570AD34-35BB-80FD-6611-35B7CD5DD5F5}.Debug|x86.Build.0 = Debug|Any CPU
		{3570AD34-35BB-80FD-6611-35B7CD5DD5F5}.Release|Any CPU.ActiveCfg = Release|Any CPU
		{3570AD34-35BB-80FD-6611-35B7CD5DD5F5}.Release|Any CPU.Build.0 = Release|Any CPU
		{3570AD34-35BB-80FD-6611-35B7CD5DD5F5}.Release|x64.ActiveCfg = Release|Any CPU
		{3570AD34-35BB-80FD-6611-35B7CD5DD5F5}.Release|x64.Build.0 = Release|Any CPU
		{3570AD34-35BB-80FD-6611-35B7CD5DD5F5}.Release|x86.ActiveCfg = Release|Any CPU
		{3570AD34-35BB-80FD-6611-35B7CD5DD5F5}.Release|x86.Build.0 = Release|Any CPU
		{5C0A80E6-66BB-4771-A66E-87D278B9F95E}.Debug|Any CPU.ActiveCfg = Debug|Any CPU
		{5C0A80E6-66BB-4771-A66E-87D278B9F95E}.Debug|Any CPU.Build.0 = Debug|Any CPU
		{5C0A80E6-66BB-4771-A66E-87D278B9F95E}.Debug|x64.ActiveCfg = Debug|Any CPU
		{5C0A80E6-66BB-4771-A66E-87D278B9F95E}.Debug|x64.Build.0 = Debug|Any CPU
		{5C0A80E6-66BB-4771-A66E-87D278B9F95E}.Debug|x86.ActiveCfg = Debug|Any CPU
		{5C0A80E6-66BB-4771-A66E-87D278B9F95E}.Debug|x86.Build.0 = Debug|Any CPU
		{5C0A80E6-66BB-4771-A66E-87D278B9F95E}.Release|Any CPU.ActiveCfg = Release|Any CPU
		{5C0A80E6-66BB-4771-A66E-87D278B9F95E}.Release|Any CPU.Build.0 = Release|Any CPU
		{5C0A80E6-66BB-4771-A66E-87D278B9F95E}.Release|x64.ActiveCfg = Release|Any CPU
		{5C0A80E6-66BB-4771-A66E-87D278B9F95E}.Release|x64.Build.0 = Release|Any CPU
		{5C0A80E6-66BB-4771-A66E-87D278B9F95E}.Release|x86.ActiveCfg = Release|Any CPU
		{5C0A80E6-66BB-4771-A66E-87D278B9F95E}.Release|x86.Build.0 = Release|Any CPU
	EndGlobalSection
	GlobalSection(SolutionProperties) = preSolution
		HideSolutionNode = FALSE
	EndGlobalSection
	GlobalSection(NestedProjects) = preSolution
		{81034408-37C8-1011-444E-4C15C2FADA8E} = {827E0CD3-B72D-47B6-A68D-7590B98EB39B}
		{C0A7B346-81ED-421B-9455-21439666D47B} = {81034408-37C8-1011-444E-4C15C2FADA8E}
		{8D626EA8-CB54-BC41-363A-217881BEBA6E} = {827E0CD3-B72D-47B6-A68D-7590B98EB39B}
		{E6E3D2B6-3D8C-46C0-9B78-0E06F48E83A5} = {8D626EA8-CB54-BC41-363A-217881BEBA6E}
		{A9023856-FEB0-43E4-B957-78099AAD8C2D} = {8D626EA8-CB54-BC41-363A-217881BEBA6E}
		{9048EB7F-3875-A59E-E36B-5BD4C6F2A282} = {827E0CD3-B72D-47B6-A68D-7590B98EB39B}
		{BF8350E8-B746-409A-88A1-E9A90F4A17F1} = {9048EB7F-3875-A59E-E36B-5BD4C6F2A282}
		{DEB28285-7F9A-4E07-B0EB-55DD24EC6EB5} = {9048EB7F-3875-A59E-E36B-5BD4C6F2A282}
		{747B48AE-AD63-CB8C-E0D9-5E4C6D8FA979} = {02EA681E-C7D8-13C7-8484-4AC65E1B71E8}
		{F2947916-F485-7185-905D-F1D8CCD2E156} = {02EA681E-C7D8-13C7-8484-4AC65E1B71E8}
		{3570AD34-35BB-80FD-6611-35B7CD5DD5F5} = {02EA681E-C7D8-13C7-8484-4AC65E1B71E8}
		{5C0A80E6-66BB-4771-A66E-87D278B9F95E} = {827E0CD3-B72D-47B6-A68D-7590B98EB39B}
	EndGlobalSection
	GlobalSection(ExtensibilityGlobals) = postSolution
		SolutionGuid = {DDE9EEDD-A332-4DA3-91D0-1C544FE7D5DB}
	EndGlobalSection
EndGlobal
